lockfileVersion: 5.4

specifiers:
  '@apollo/client': ^3.6.5
  apollo-cache-inmemory: ^1.6.6
  apollo-link: ^1.2.14
  apollo-link-context: ^1.0.20
  apollo-link-error: ^1.1.13
  apollo-link-http: ^1.5.17
  graphql: ^15.8.0
  ra-data-graphql: ^4.0.3

dependencies:
  '@apollo/client': 3.6.5_graphql@15.8.0
  apollo-cache-inmemory: 1.6.6_graphql@15.8.0
  apollo-link: 1.2.14_graphql@15.8.0
  apollo-link-context: 1.0.20_graphql@15.8.0
  apollo-link-error: 1.1.13_graphql@15.8.0
  apollo-link-http: 1.5.17_graphql@15.8.0
  graphql: 15.8.0
  ra-data-graphql: 4.0.3_graphql@15.8.0

packages:

  /@apollo/client/3.6.5_graphql@15.8.0:
    resolution: {integrity: sha512-xGAZzv1f5abyH45MSU5eOLyGQuP4Ps0OhP36pSCtt6pCICI3n4yDkdftFCPvqDVqVTuciX1kkyeJPfGodz5kwg==}
    peerDependencies:
      graphql: ^14.0.0 || ^15.0.0 || ^16.0.0
      graphql-ws: ^5.5.5
      react: ^16.8.0 || ^17.0.0 || ^18.0.0
      subscriptions-transport-ws: ^0.9.0 || ^0.11.0
    peerDependenciesMeta:
      graphql-ws:
        optional: true
      react:
        optional: true
      subscriptions-transport-ws:
        optional: true
    dependencies:
      '@graphql-typed-document-node/core': 3.1.1_graphql@15.8.0
      '@wry/context': 0.6.1
      '@wry/equality': 0.5.2
      '@wry/trie': 0.3.1
      graphql: 15.8.0
      graphql-tag: 2.12.6_graphql@15.8.0
      hoist-non-react-statics: 3.3.2
      optimism: 0.16.1
      prop-types: 15.8.1
      symbol-observable: 4.0.0
      ts-invariant: 0.10.3
      tslib: 2.4.0
      zen-observable-ts: 1.2.5
    dev: false

  /@graphql-typed-document-node/core/3.1.1_graphql@15.8.0:
    resolution: {integrity: sha512-NQ17ii0rK1b34VZonlmT2QMJFI70m0TRwbknO/ihlbatXyaktDhN/98vBiUU6kNBPljqGqyIrl2T4nY2RpFANg==}
    peerDependencies:
      graphql: ^0.8.0 || ^0.9.0 || ^0.10.0 || ^0.11.0 || ^0.12.0 || ^0.13.0 || ^14.0.0 || ^15.0.0 || ^16.0.0
    dependencies:
      graphql: 15.8.0
    dev: false

  /@types/node/17.0.35:
    resolution: {integrity: sha512-vu1SrqBjbbZ3J6vwY17jBs8Sr/BKA+/a/WtjRG+whKg1iuLFOosq872EXS0eXWILdO36DHQQeku/ZcL6hz2fpg==}
    dev: false

  /@wry/context/0.4.4:
    resolution: {integrity: sha512-LrKVLove/zw6h2Md/KZyWxIkFM6AoyKp71OqpH9Hiip1csjPVoD3tPxlbQUNxEnHENks3UGgNpSBCAfq9KWuag==}
    dependencies:
      '@types/node': 17.0.35
      tslib: 1.14.1
    dev: false

  /@wry/context/0.6.1:
    resolution: {integrity: sha512-LOmVnY1iTU2D8tv4Xf6MVMZZ+juIJ87Kt/plMijjN20NMAXGmH4u8bS1t0uT74cZ5gwpocYueV58YwyI8y+GKw==}
    engines: {node: '>=8'}
    dependencies:
      tslib: 2.4.0
    dev: false

  /@wry/equality/0.1.11:
    resolution: {integrity: sha512-mwEVBDUVODlsQQ5dfuLUS5/Tf7jqUKyhKYHmVi4fPB6bDMOfWvUPJmKgS1Z7Za/sOI3vzWt4+O7yCiL/70MogA==}
    dependencies:
      tslib: 1.14.1
    dev: false

  /@wry/equality/0.5.2:
    resolution: {integrity: sha512-oVMxbUXL48EV/C0/M7gLVsoK6qRHPS85x8zECofEZOVvxGmIPLA9o5Z27cc2PoAyZz1S2VoM2A7FLAnpfGlneA==}
    engines: {node: '>=8'}
    dependencies:
      tslib: 2.4.0
    dev: false

  /@wry/trie/0.3.1:
    resolution: {integrity: sha512-WwB53ikYudh9pIorgxrkHKrQZcCqNM/Q/bDzZBffEaGUKGuHrRb3zZUT9Sh2qw9yogC7SsdRmQ1ER0pqvd3bfw==}
    engines: {node: '>=8'}
    dependencies:
      tslib: 2.4.0
    dev: false

  /apollo-cache-inmemory/1.6.6_graphql@15.8.0:
    resolution: {integrity: sha512-L8pToTW/+Xru2FFAhkZ1OA9q4V4nuvfoPecBM34DecAugUZEBhI2Hmpgnzq2hTKZ60LAMrlqiASm0aqAY6F8/A==}
    peerDependencies:
      graphql: ^0.11.0 || ^0.12.0 || ^0.13.0 || ^14.0.0 || ^15.0.0
    dependencies:
      apollo-cache: 1.3.5_graphql@15.8.0
      apollo-utilities: 1.3.4_graphql@15.8.0
      graphql: 15.8.0
      optimism: 0.10.3
      ts-invariant: 0.4.4
      tslib: 1.14.1
    dev: false

  /apollo-cache/1.3.5_graphql@15.8.0:
    resolution: {integrity: sha512-1XoDy8kJnyWY/i/+gLTEbYLnoiVtS8y7ikBr/IfmML4Qb+CM7dEEbIUOjnY716WqmZ/UpXIxTfJsY7rMcqiCXA==}
    peerDependencies:
      graphql: ^0.11.0 || ^0.12.0 || ^0.13.0 || ^14.0.0 || ^15.0.0
    dependencies:
      apollo-utilities: 1.3.4_graphql@15.8.0
      graphql: 15.8.0
      tslib: 1.14.1
    dev: false

  /apollo-link-context/1.0.20_graphql@15.8.0:
    resolution: {integrity: sha512-MLLPYvhzNb8AglNsk2NcL9AvhO/Vc9hn2ZZuegbhRHGet3oGr0YH9s30NS9+ieoM0sGT11p7oZ6oAILM/kiRBA==}
    dependencies:
      apollo-link: 1.2.14_graphql@15.8.0
      tslib: 1.14.1
    transitivePeerDependencies:
      - graphql
    dev: false

  /apollo-link-error/1.1.13_graphql@15.8.0:
    resolution: {integrity: sha512-jAZOOahJU6bwSqb2ZyskEK1XdgUY9nkmeclCrW7Gddh1uasHVqmoYc4CKdb0/H0Y1J9lvaXKle2Wsw/Zx1AyUg==}
    dependencies:
      apollo-link: 1.2.14_graphql@15.8.0
      apollo-link-http-common: 0.2.16_graphql@15.8.0
      tslib: 1.14.1
    transitivePeerDependencies:
      - graphql
    dev: false

  /apollo-link-http-common/0.2.16_graphql@15.8.0:
    resolution: {integrity: sha512-2tIhOIrnaF4UbQHf7kjeQA/EmSorB7+HyJIIrUjJOKBgnXwuexi8aMecRlqTIDWcyVXCeqLhUnztMa6bOH/jTg==}
    peerDependencies:
      graphql: ^0.11.0 || ^0.12.0 || ^0.13.0 || ^14.0.0 || ^15.0.0
    dependencies:
      apollo-link: 1.2.14_graphql@15.8.0
      graphql: 15.8.0
      ts-invariant: 0.4.4
      tslib: 1.14.1
    dev: false

  /apollo-link-http/1.5.17_graphql@15.8.0:
    resolution: {integrity: sha512-uWcqAotbwDEU/9+Dm9e1/clO7hTB2kQ/94JYcGouBVLjoKmTeJTUPQKcJGpPwUjZcSqgYicbFqQSoJIW0yrFvg==}
    peerDependencies:
      graphql: ^0.11.0 || ^0.12.0 || ^0.13.0 || ^14.0.0 || ^15.0.0
    dependencies:
      apollo-link: 1.2.14_graphql@15.8.0
      apollo-link-http-common: 0.2.16_graphql@15.8.0
      graphql: 15.8.0
      tslib: 1.14.1
    dev: false

  /apollo-link/1.2.14_graphql@15.8.0:
    resolution: {integrity: sha512-p67CMEFP7kOG1JZ0ZkYZwRDa369w5PIjtMjvrQd/HnIV8FRsHRqLqK+oAZQnFa1DDdZtOtHTi+aMIW6EatC2jg==}
    peerDependencies:
      graphql: ^0.11.3 || ^0.12.3 || ^0.13.0 || ^14.0.0 || ^15.0.0
    dependencies:
      apollo-utilities: 1.3.4_graphql@15.8.0
      graphql: 15.8.0
      ts-invariant: 0.4.4
      tslib: 1.14.1
      zen-observable-ts: 0.8.21
    dev: false

  /apollo-utilities/1.3.4_graphql@15.8.0:
    resolution: {integrity: sha512-pk2hiWrCXMAy2fRPwEyhvka+mqwzeP60Jr1tRYi5xru+3ko94HI9o6lK0CT33/w4RDlxWchmdhDCrvdr+pHCig==}
    peerDependencies:
      graphql: ^0.11.0 || ^0.12.0 || ^0.13.0 || ^14.0.0 || ^15.0.0
    dependencies:
      '@wry/equality': 0.1.11
      fast-json-stable-stringify: 2.1.0
      graphql: 15.8.0
      ts-invariant: 0.4.4
      tslib: 1.14.1
    dev: false

  /fast-json-stable-stringify/2.1.0:
    resolution: {integrity: sha512-lhd/wF+Lk98HZoTCtlVraHtfh5XYijIjalXck7saUtuanSDyLMxnHhSXEDJqHxD7msR8D0uCmqlkwjCV8xvwHw==}
    dev: false

  /graphql-tag/2.12.6_graphql@15.8.0:
    resolution: {integrity: sha512-FdSNcu2QQcWnM2VNvSCCDCVS5PpPqpzgFT8+GXzqJuoDd0CBncxCY278u4mhRO7tMgo2JjgJA5aZ+nWSQ/Z+xg==}
    engines: {node: '>=10'}
    peerDependencies:
      graphql: ^0.9.0 || ^0.10.0 || ^0.11.0 || ^0.12.0 || ^0.13.0 || ^14.0.0 || ^15.0.0 || ^16.0.0
    dependencies:
      graphql: 15.8.0
      tslib: 2.4.0
    dev: false

  /graphql/15.8.0:
    resolution: {integrity: sha512-5gghUc24tP9HRznNpV2+FIoq3xKkj5dTQqf4v0CpdPbFVwFkWoxOM+o+2OC9ZSvjEMTjfmG9QT+gcvggTwW1zw==}
    engines: {node: '>= 10.x'}
    dev: false

  /hoist-non-react-statics/3.3.2:
    resolution: {integrity: sha512-/gGivxi8JPKWNm/W0jSmzcMPpfpPLc3dY/6GxhX2hQ9iGj3aDfklV4ET7NjKpSinLpJ5vafa9iiGIEZg10SfBw==}
    dependencies:
      react-is: 16.13.1
    dev: false

  /js-tokens/4.0.0:
    resolution: {integrity: sha512-RdJUflcE3cUzKiMqQgsCu06FPu9UdIJO0beYbPhHN4k6apgJtifcoCtT9bcxOpYBtpD2kCM6Sbzg4CausW/PKQ==}
    dev: false

  /lodash/4.17.21:
    resolution: {integrity: sha512-v2kDEe57lecTulaDIuNTPy3Ry4gLGJ6Z1O3vE1krgXZNrsQ+LFTGHVxVjcXPs17LhbZVGedAJv8XZ1tvj5FvSg==}
    dev: false

  /loose-envify/1.4.0:
    resolution: {integrity: sha512-lyuxPGr/Wfhrlem2CL/UcnUc1zcqKAImBDzukY7Y5F/yQiNdko6+fRLevlw1HgMySw7f611UIY408EtxRSoK3Q==}
    hasBin: true
    dependencies:
      js-tokens: 4.0.0
    dev: false

  /object-assign/4.1.1:
    resolution: {integrity: sha1-IQmtx5ZYh8/AXLvUQsrIv7s2CGM=}
    engines: {node: '>=0.10.0'}
    dev: false

  /optimism/0.10.3:
    resolution: {integrity: sha512-9A5pqGoQk49H6Vhjb9kPgAeeECfUDF6aIICbMDL23kDLStBn1MWk3YvcZ4xWF9CsSf6XEgvRLkXy4xof/56vVw==}
    dependencies:
      '@wry/context': 0.4.4
    dev: false

  /optimism/0.16.1:
    resolution: {integrity: sha512-64i+Uw3otrndfq5kaoGNoY7pvOhSsjFEN4bdEFh80MWVk/dbgJfMv7VFDeCT8LxNAlEVhQmdVEbfE7X2nWNIIg==}
    dependencies:
      '@wry/context': 0.6.1
      '@wry/trie': 0.3.1
    dev: false

  /pluralize/7.0.0:
    resolution: {integrity: sha512-ARhBOdzS3e41FbkW/XWrTEtukqqLoK5+Z/4UeDaLuSW+39JPeFgs4gCGqsrJHVZX0fUrx//4OF0K1CUGwlIFow==}
    engines: {node: '>=4'}
    dev: false

  /prop-types/15.8.1:
    resolution: {integrity: sha512-oj87CgZICdulUohogVAR7AjlC0327U4el4L6eAvOqCeudMDVU0NThNaV+b9Df4dXgSP1gXMTnPdhfe/2qDH5cg==}
    dependencies:
      loose-envify: 1.4.0
      object-assign: 4.1.1
      react-is: 16.13.1
    dev: false

  /ra-data-graphql/4.0.3_graphql@15.8.0:
    resolution: {integrity: sha512-ypSUTvs+TEyKliMlxc6RBDDbu2DNoDjhy2qN+FoVh/OXO37fIy90VNrm5hhrpRhVQ/N5QQM/gMqXRM079/J3jw==}
    peerDependencies:
      graphql: ^15.6.0
      ra-core: ^4.0.0
    dependencies:
      '@apollo/client': 3.6.5_graphql@15.8.0
      graphql: 15.8.0
      lodash: 4.17.21
      pluralize: 7.0.0
    transitivePeerDependencies:
      - graphql-ws
      - react
      - subscriptions-transport-ws
    dev: false

  /react-is/16.13.1:
    resolution: {integrity: sha512-24e6ynE2H+OKt4kqsOvNd8kBpV65zoxbA4BVsEOB3ARVWQki/DHzaUoC5KuON/BiccDaCCTZBuOcfZs70kR8bQ==}
    dev: false

  /symbol-observable/4.0.0:
    resolution: {integrity: sha512-b19dMThMV4HVFynSAM1++gBHAbk2Tc/osgLIBZMKsyqh34jb2e8Os7T6ZW/Bt3pJFdBTd2JwAnAAEQV7rSNvcQ==}
    engines: {node: '>=0.10'}
    dev: false

  /ts-invariant/0.10.3:
    resolution: {integrity: sha512-uivwYcQaxAucv1CzRp2n/QdYPo4ILf9VXgH19zEIjFx2EJufV16P0JtJVpYHy89DItG6Kwj2oIUjrcK5au+4tQ==}
    engines: {node: '>=8'}
    dependencies:
      tslib: 2.4.0
    dev: false

  /ts-invariant/0.4.4:
    resolution: {integrity: sha512-uEtWkFM/sdZvRNNDL3Ehu4WVpwaulhwQszV8mrtcdeE8nN00BV9mAmQ88RkrBhFgl9gMgvjJLAQcZbnPXI9mlA==}
    dependencies:
      tslib: 1.14.1
    dev: false

  /tslib/1.14.1:
    resolution: {integrity: sha512-Xni35NKzjgMrwevysHTCArtLDpPvye8zV/0E4EyYn43P7/7qvQwPh9BGkHewbMulVntbigmcT7rdX3BNo9wRJg==}
    dev: false

  /tslib/2.4.0:
    resolution: {integrity: sha512-d6xOpEDfsi2CZVlPQzGeux8XMwLT9hssAsaPYExaQMuYskwb+x1x7J371tWlbBdWHroy99KnVB6qIkUbs5X3UQ==}
    dev: false

  /zen-observable-ts/0.8.21:
    resolution: {integrity: sha512-Yj3yXweRc8LdRMrCC8nIc4kkjWecPAUVh0TI0OUrWXx6aX790vLcDlWca6I4vsyCGH3LpWxq0dJRcMOFoVqmeg==}
    dependencies:
      tslib: 1.14.1
      zen-observable: 0.8.15
    dev: false

  /zen-observable-ts/1.2.5:
    resolution: {integrity: sha512-QZWQekv6iB72Naeake9hS1KxHlotfRpe+WGNbNx5/ta+R3DNjVO2bswf63gXlWDcs+EMd7XY8HfVQyP1X6T4Zg==}
    dependencies:
      zen-observable: 0.8.15
    dev: false

  /zen-observable/0.8.15:
    resolution: {integrity: sha512-PQ2PC7R9rslx84ndNBZB/Dkv8V8fZEpk83RLgXtYd0fwUgEjseMn1Dgajh2x6S8QbZAFa9p2qVCEuYZNgve0dQ==}
    dev: false
